
Microsoft Visual Studio Solution File, Format Version 12.00
# Visual Studio Version 16
VisualStudioVersion = 16.0.29306.81
MinimumVisualStudioVersion = 10.0.40219.1
Project("{FAE04EC0-301F-11D3-BF4B-00C04F79EFBC}") = "文件夹病毒专杀工具v1.0.3 DotNet3.5", "文件夹病毒专杀工具v1.0.3 DotNet3.5\文件夹病毒专杀工具v1.0.3 DotNet3.5.csproj", "{5E6E367B-77D9-4DA3-A583-DCEA030ABE39}"
	ProjectSection(ProjectDependencies) = postProject
		{387BE43E-76F0-4CA3-A109-BCE6967C20E7} = {387BE43E-76F0-4CA3-A109-BCE6967C20E7}
		{BAEE4095-072D-4A6B-BF0A-897470BB3494} = {BAEE4095-072D-4A6B-BF0A-897470BB3494}
		{305AB0A3-56D4-4B07-9FDE-1D54C9AEBD88} = {305AB0A3-56D4-4B07-9FDE-1D54C9AEBD88}
	EndProjectSection
EndProject
Project("{FAE04EC0-301F-11D3-BF4B-00C04F79EFBC}") = "文件夹病毒专杀工具v1.0.3 DotNet4.5", "文件夹病毒专杀工具v1.0.3 DotNet4.5\文件夹病毒专杀工具v1.0.3 DotNet4.5.csproj", "{BBD6549B-9188-4CD7-A1A2-0ECA23A0E7AC}"
	ProjectSection(ProjectDependencies) = postProject
		{387BE43E-76F0-4CA3-A109-BCE6967C20E7} = {387BE43E-76F0-4CA3-A109-BCE6967C20E7}
		{BAEE4095-072D-4A6B-BF0A-897470BB3494} = {BAEE4095-072D-4A6B-BF0A-897470BB3494}
		{305AB0A3-56D4-4B07-9FDE-1D54C9AEBD88} = {305AB0A3-56D4-4B07-9FDE-1D54C9AEBD88}
	EndProjectSection
EndProject
Project("{8BC9CEB8-8B4A-11D0-8D11-00A0C91BC942}") = "HookToolDll32", "HookToolDll\HookToolDll.vcxproj", "{BAEE4095-072D-4A6B-BF0A-897470BB3494}"
EndProject
Project("{8BC9CEB8-8B4A-11D0-8D11-00A0C91BC942}") = "HookToolDll64", "HookToolDll64\HookToolDll64.vcxproj", "{387BE43E-76F0-4CA3-A109-BCE6967C20E7}"
EndProject
Project("{8BC9CEB8-8B4A-11D0-8D11-00A0C91BC942}") = "InjectorDll32", "InjectorDll\InjectorDll.vcxproj", "{305AB0A3-56D4-4B07-9FDE-1D54C9AEBD88}"
	ProjectSection(ProjectDependencies) = postProject
		{387BE43E-76F0-4CA3-A109-BCE6967C20E7} = {387BE43E-76F0-4CA3-A109-BCE6967C20E7}
		{BAEE4095-072D-4A6B-BF0A-897470BB3494} = {BAEE4095-072D-4A6B-BF0A-897470BB3494}
	EndProjectSection
EndProject
Project("{8BC9CEB8-8B4A-11D0-8D11-00A0C91BC942}") = "InjectorDll64", "InjectorDll64\InjectorDll64.vcxproj", "{30FA05A0-2158-47E9-824F-97458DD7362D}"
EndProject
Global
	GlobalSection(SolutionConfigurationPlatforms) = preSolution
		Debug|Any CPU = Debug|Any CPU
		Debug|x64 = Debug|x64
		Debug|x86 = Debug|x86
		Release|Any CPU = Release|Any CPU
		Release|x64 = Release|x64
		Release|x86 = Release|x86
	EndGlobalSection
	GlobalSection(ProjectConfigurationPlatforms) = postSolution
		{5E6E367B-77D9-4DA3-A583-DCEA030ABE39}.Debug|Any CPU.ActiveCfg = Debug|Any CPU
		{5E6E367B-77D9-4DA3-A583-DCEA030ABE39}.Debug|Any CPU.Build.0 = Debug|Any CPU
		{5E6E367B-77D9-4DA3-A583-DCEA030ABE39}.Debug|x64.ActiveCfg = Debug|x64
		{5E6E367B-77D9-4DA3-A583-DCEA030ABE39}.Debug|x64.Build.0 = Debug|x64
		{5E6E367B-77D9-4DA3-A583-DCEA030ABE39}.Debug|x86.ActiveCfg = Debug|x86
		{5E6E367B-77D9-4DA3-A583-DCEA030ABE39}.Debug|x86.Build.0 = Debug|x86
		{5E6E367B-77D9-4DA3-A583-DCEA030ABE39}.Release|Any CPU.ActiveCfg = Release|Any CPU
		{5E6E367B-77D9-4DA3-A583-DCEA030ABE39}.Release|Any CPU.Build.0 = Release|Any CPU
		{5E6E367B-77D9-4DA3-A583-DCEA030ABE39}.Release|x64.ActiveCfg = Release|x64
		{5E6E367B-77D9-4DA3-A583-DCEA030ABE39}.Release|x64.Build.0 = Release|x64
		{5E6E367B-77D9-4DA3-A583-DCEA030ABE39}.Release|x86.ActiveCfg = Release|x86
		{5E6E367B-77D9-4DA3-A583-DCEA030ABE39}.Release|x86.Build.0 = Release|x86
		{BBD6549B-9188-4CD7-A1A2-0ECA23A0E7AC}.Debug|Any CPU.ActiveCfg = Debug|Any CPU
		{BBD6549B-9188-4CD7-A1A2-0ECA23A0E7AC}.Debug|Any CPU.Build.0 = Debug|Any CPU
		{BBD6549B-9188-4CD7-A1A2-0ECA23A0E7AC}.Debug|x64.ActiveCfg = Debug|x64
		{BBD6549B-9188-4CD7-A1A2-0ECA23A0E7AC}.Debug|x64.Build.0 = Debug|x64
		{BBD6549B-9188-4CD7-A1A2-0ECA23A0E7AC}.Debug|x86.ActiveCfg = Debug|x86
		{BBD6549B-9188-4CD7-A1A2-0ECA23A0E7AC}.Debug|x86.Build.0 = Debug|x86
		{BBD6549B-9188-4CD7-A1A2-0ECA23A0E7AC}.Release|Any CPU.ActiveCfg = Release|Any CPU
		{BBD6549B-9188-4CD7-A1A2-0ECA23A0E7AC}.Release|Any CPU.Build.0 = Release|Any CPU
		{BBD6549B-9188-4CD7-A1A2-0ECA23A0E7AC}.Release|x64.ActiveCfg = Release|x64
		{BBD6549B-9188-4CD7-A1A2-0ECA23A0E7AC}.Release|x64.Build.0 = Release|x64
		{BBD6549B-9188-4CD7-A1A2-0ECA23A0E7AC}.Release|x86.ActiveCfg = Release|x86
		{BBD6549B-9188-4CD7-A1A2-0ECA23A0E7AC}.Release|x86.Build.0 = Release|x86
		{BAEE4095-072D-4A6B-BF0A-897470BB3494}.Debug|Any CPU.ActiveCfg = Debug|Win32
		{BAEE4095-072D-4A6B-BF0A-897470BB3494}.Debug|Any CPU.Build.0 = Debug|Win32
		{BAEE4095-072D-4A6B-BF0A-897470BB3494}.Debug|x64.ActiveCfg = Debug|Win32
		{BAEE4095-072D-4A6B-BF0A-897470BB3494}.Debug|x64.Build.0 = Debug|Win32
		{BAEE4095-072D-4A6B-BF0A-897470BB3494}.Debug|x86.ActiveCfg = Debug|Win32
		{BAEE4095-072D-4A6B-BF0A-897470BB3494}.Debug|x86.Build.0 = Debug|Win32
		{BAEE4095-072D-4A6B-BF0A-897470BB3494}.Release|Any CPU.ActiveCfg = Release|Win32
		{BAEE4095-072D-4A6B-BF0A-897470BB3494}.Release|Any CPU.Build.0 = Release|Win32
		{BAEE4095-072D-4A6B-BF0A-897470BB3494}.Release|x64.ActiveCfg = Release|Win32
		{BAEE4095-072D-4A6B-BF0A-897470BB3494}.Release|x64.Build.0 = Release|Win32
		{BAEE4095-072D-4A6B-BF0A-897470BB3494}.Release|x86.ActiveCfg = Release|Win32
		{BAEE4095-072D-4A6B-BF0A-897470BB3494}.Release|x86.Build.0 = Release|Win32
		{387BE43E-76F0-4CA3-A109-BCE6967C20E7}.Debug|Any CPU.ActiveCfg = Debug|x64
		{387BE43E-76F0-4CA3-A109-BCE6967C20E7}.Debug|Any CPU.Build.0 = Debug|x64
		{387BE43E-76F0-4CA3-A109-BCE6967C20E7}.Debug|x64.ActiveCfg = Debug|x64
		{387BE43E-76F0-4CA3-A109-BCE6967C20E7}.Debug|x64.Build.0 = Debug|x64
		{387BE43E-76F0-4CA3-A109-BCE6967C20E7}.Debug|x86.ActiveCfg = Debug|x64
		{387BE43E-76F0-4CA3-A109-BCE6967C20E7}.Debug|x86.Build.0 = Debug|x64
		{387BE43E-76F0-4CA3-A109-BCE6967C20E7}.Release|Any CPU.ActiveCfg = Release|x64
		{387BE43E-76F0-4CA3-A109-BCE6967C20E7}.Release|Any CPU.Build.0 = Release|x64
		{387BE43E-76F0-4CA3-A109-BCE6967C20E7}.Release|x64.ActiveCfg = Release|x64
		{387BE43E-76F0-4CA3-A109-BCE6967C20E7}.Release|x64.Build.0 = Release|x64
		{387BE43E-76F0-4CA3-A109-BCE6967C20E7}.Release|x86.ActiveCfg = Release|x64
		{387BE43E-76F0-4CA3-A109-BCE6967C20E7}.Release|x86.Build.0 = Release|x64
		{305AB0A3-56D4-4B07-9FDE-1D54C9AEBD88}.Debug|Any CPU.ActiveCfg = Debug|Win32
		{305AB0A3-56D4-4B07-9FDE-1D54C9AEBD88}.Debug|Any CPU.Build.0 = Debug|Win32
		{305AB0A3-56D4-4B07-9FDE-1D54C9AEBD88}.Debug|x64.ActiveCfg = Debug|Win32
		{305AB0A3-56D4-4B07-9FDE-1D54C9AEBD88}.Debug|x64.Build.0 = Debug|Win32
		{305AB0A3-56D4-4B07-9FDE-1D54C9AEBD88}.Debug|x86.ActiveCfg = Debug|Win32
		{305AB0A3-56D4-4B07-9FDE-1D54C9AEBD88}.Debug|x86.Build.0 = Debug|Win32
		{305AB0A3-56D4-4B07-9FDE-1D54C9AEBD88}.Release|Any CPU.ActiveCfg = Release|Win32
		{305AB0A3-56D4-4B07-9FDE-1D54C9AEBD88}.Release|Any CPU.Build.0 = Release|Win32
		{305AB0A3-56D4-4B07-9FDE-1D54C9AEBD88}.Release|x64.ActiveCfg = Release|Win32
		{305AB0A3-56D4-4B07-9FDE-1D54C9AEBD88}.Release|x64.Build.0 = Release|Win32
		{305AB0A3-56D4-4B07-9FDE-1D54C9AEBD88}.Release|x86.ActiveCfg = Release|Win32
		{305AB0A3-56D4-4B07-9FDE-1D54C9AEBD88}.Release|x86.Build.0 = Release|Win32
		{30FA05A0-2158-47E9-824F-97458DD7362D}.Debug|Any CPU.ActiveCfg = Debug|x64
		{30FA05A0-2158-47E9-824F-97458DD7362D}.Debug|Any CPU.Build.0 = Debug|x64
		{30FA05A0-2158-47E9-824F-97458DD7362D}.Debug|x64.ActiveCfg = Debug|x64
		{30FA05A0-2158-47E9-824F-97458DD7362D}.Debug|x64.Build.0 = Debug|x64
		{30FA05A0-2158-47E9-824F-97458DD7362D}.Debug|x86.ActiveCfg = Debug|x64
		{30FA05A0-2158-47E9-824F-97458DD7362D}.Debug|x86.Build.0 = Debug|x64
		{30FA05A0-2158-47E9-824F-97458DD7362D}.Release|Any CPU.ActiveCfg = Release|x64
		{30FA05A0-2158-47E9-824F-97458DD7362D}.Release|Any CPU.Build.0 = Release|x64
		{30FA05A0-2158-47E9-824F-97458DD7362D}.Release|x64.ActiveCfg = Release|x64
		{30FA05A0-2158-47E9-824F-97458DD7362D}.Release|x64.Build.0 = Release|x64
		{30FA05A0-2158-47E9-824F-97458DD7362D}.Release|x86.ActiveCfg = Release|x64
		{30FA05A0-2158-47E9-824F-97458DD7362D}.Release|x86.Build.0 = Release|x64
	EndGlobalSection
	GlobalSection(SolutionProperties) = preSolution
		HideSolutionNode = FALSE
	EndGlobalSection
	GlobalSection(ExtensibilityGlobals) = postSolution
		SolutionGuid = {254B79E3-2F2D-42CE-B864-DE47DD0AA32F}
	EndGlobalSection
	GlobalSection(Performance) = preSolution
		HasPerformanceSessions = true
	EndGlobalSection
EndGlobal
